
Microsoft Visual Studio Solution File, Format Version 12.00
# Visual Studio Version 17
VisualStudioVersion = 17.14.36408.4 d17.14
MinimumVisualStudioVersion = 10.0.40219.1
Project("{FAE04EC0-301F-11D3-BF4B-00C04F79EFBC}") = "Gino", "Gino\Gino.csproj", "{97C842F8-6109-4CE4-9906-853220B9D255}"
EndProject
Global
	GlobalSection(SolutionConfigurationPlatforms) = preSolution
		Debug|Any CPU = Debug|Any CPU
		Release|Any CPU = Release|Any CPU
	EndGlobalSection
	GlobalSection(ProjectConfigurationPlatforms) = postSolution
		{97C842F8-6109-4CE4-9906-853220B9D255}.Debug|Any CPU.ActiveCfg = Debug|Any CPU
		{97C842F8-6109-4CE4-9906-853220B9D255}.Debug|Any CPU.Build.0 = Debug|Any CPU
		{97C842F8-6109-4CE4-9906-853220B9D255}.Release|Any CPU.ActiveCfg = Release|Any CPU
		{97C842F8-6109-4CE4-9906-853220B9D255}.Release|Any CPU.Build.0 = Release|Any CPU
	EndGlobalSection
	GlobalSection(SolutionProperties) = preSolution
		HideSolutionNode = FALSE
	EndGlobalSection
	GlobalSection(ExtensibilityGlobals) = postSolution
		SolutionGuid = {A8933F58-EE3E-47E8-A0BA-F20BC66BD006}
	EndGlobalSection
EndGlobal
